
Microsoft Visual Studio Solution File, Format Version 12.00
# Visual Studio Version 17
VisualStudioVersion = 17.3.32819.101
MinimumVisualStudioVersion = 10.0.40219.1
Project("{9A19103F-16F7-4668-BE54-9A1E7A4F7556}") = "BlazorEcommerce.Server", "BlazorEcommerce\Server\BlazorEcommerce.Server.csproj", "{8D23CB53-29F6-4386-80C9-5B1F8766B95F}"
EndProject
Project("{9A19103F-16F7-4668-BE54-9A1E7A4F7556}") = "BlazorEcommerce.Client", "BlazorEcommerce\Client\BlazorEcommerce.Client.csproj", "{E5AA28C3-D741-4BE9-A9A8-6FF5716E1F5A}"
EndProject
Project("{9A19103F-16F7-4668-BE54-9A1E7A4F7556}") = "BlazorEcommerce.Shared", "BlazorEcommerce\Shared\BlazorEcommerce.Shared.csproj", "{C30CE0F6-EF56-4DA7-8E6D-4798FB7EDC0A}"
EndProject
Global
	GlobalSection(SolutionConfigurationPlatforms) = preSolution
		Debug|Any CPU = Debug|Any CPU
		Release|Any CPU = Release|Any CPU
	EndGlobalSection
	GlobalSection(ProjectConfigurationPlatforms) = postSolution
		{8D23CB53-29F6-4386-80C9-5B1F8766B95F}.Debug|Any CPU.ActiveCfg = Debug|Any CPU
		{8D23CB53-29F6-4386-80C9-5B1F8766B95F}.Debug|Any CPU.Build.0 = Debug|Any CPU
		{8D23CB53-29F6-4386-80C9-5B1F8766B95F}.Release|Any CPU.ActiveCfg = Release|Any CPU
		{8D23CB53-29F6-4386-80C9-5B1F8766B95F}.Release|Any CPU.Build.0 = Release|Any CPU
		{E5AA28C3-D741-4BE9-A9A8-6FF5716E1F5A}.Debug|Any CPU.ActiveCfg = Debug|Any CPU
		{E5AA28C3-D741-4BE9-A9A8-6FF5716E1F5A}.Debug|Any CPU.Build.0 = Debug|Any CPU
		{E5AA28C3-D741-4BE9-A9A8-6FF5716E1F5A}.Release|Any CPU.ActiveCfg = Release|Any CPU
		{E5AA28C3-D741-4BE9-A9A8-6FF5716E1F5A}.Release|Any CPU.Build.0 = Release|Any CPU
		{C30CE0F6-EF56-4DA7-8E6D-4798FB7EDC0A}.Debug|Any CPU.ActiveCfg = Debug|Any CPU
		{C30CE0F6-EF56-4DA7-8E6D-4798FB7EDC0A}.Debug|Any CPU.Build.0 = Debug|Any CPU
		{C30CE0F6-EF56-4DA7-8E6D-4798FB7EDC0A}.Release|Any CPU.ActiveCfg = Release|Any CPU
		{C30CE0F6-EF56-4DA7-8E6D-4798FB7EDC0A}.Release|Any CPU.Build.0 = Release|Any CPU
	EndGlobalSection
	GlobalSection(SolutionProperties) = preSolution
		HideSolutionNode = FALSE
	EndGlobalSection
	GlobalSection(ExtensibilityGlobals) = postSolution
		SolutionGuid = {6C1B3A9C-0021-4CEF-A9BC-AB707F57A7CB}
	EndGlobalSection
EndGlobal
